[{<<"base16">>,
  {git,"https://github.com/goj/base16.git",
       {ref,"ec420aa4ce0fb971f155274c606e00188a2ed37d"}},
  0},
 {<<"cowlib">>,
  {git,"https://github.com/ninenines/cowlib",
       {ref,"106ba84bb04537879d8ce59321a04e0682110b91"}},
  1},
 {<<"exml">>,
  {git,"https://github.com/esl/exml.git",
       {ref,"5059e8f33cb94cdded30dbbfd02eb41f8d920c92"}},
  0},
 {<<"fusco">>,
  {git,"https://github.com/esl/fusco.git",
       {ref,"0a428471aefb3a38207c2141249181e6c018e565"}},
  0},
 {<<"gun">>,
  {git,"https://github.com/ninenines/gun.git",
       {ref,"e7dd9f227e46979d8073e71c683395a809b78cb4"}},
  0},
 {<<"meck">>,
  {git,"https://github.com/eproxus/meck.git",
       {ref,"65b79f46553d591cdf42e060cc49e3add7a4d116"}},
  0},
 {<<"mustache">>,
  {git,"https://github.com/mojombo/mustache.erl.git",
       {ref,"d0246fe143058b6404f66cf99fece3ff6e87b7ed"}},
  0},
 {<<"quickrand">>,
  {git,"https://github.com/okeuday/quickrand.git",
       {ref,"336c0d94a6a384f307183b3c14fc2112656dac37"}},
  1},
 {<<"uuid">>,
  {git,"https://github.com/okeuday/uuid.git",
       {ref,"aadf1be200d318f2fdf2f996b58852a4a49244f0"}},
  0},
 {<<"worker_pool">>,
  {git,"https://github.com/inaka/worker_pool",
       {ref,"59e53b1f82e64b7c72e9e7b0382d387ffac32fbc"}},
  0}].
