{"1.2.0",
[{<<"bbmustache">>,{pkg,<<"bbmustache">>,<<"1.12.2">>},0},
 {<<"cowlib">>,{pkg,<<"cowlib">>,<<"2.13.0">>},1},
 {<<"exml">>,{pkg,<<"hexml">>,<<"4.1.1">>},0},
 {<<"fast_pbkdf2">>,{pkg,<<"fast_pbkdf2">>,<<"2.0.0">>},1},
 {<<"fast_scram">>,{pkg,<<"fast_scram">>,<<"0.7.0">>},0},
 {<<"gun">>,{pkg,<<"gun">>,<<"2.1.0">>},0},
 {<<"meck">>,{pkg,<<"meck">>,<<"1.0.0">>},0},
 {<<"quickrand">>,{pkg,<<"quickrand">>,<<"2.0.7">>},1},
 {<<"uuid">>,{pkg,<<"uuid_erl">>,<<"2.0.7">>},0},
 {<<"worker_pool">>,{pkg,<<"worker_pool">>,<<"6.4.0">>},0}]}.
[
{pkg_hash,[
 {<<"bbmustache">>, <<"0CABDCE0DB9FE6D3318131174B9F2B351328A4C0AFBEB3E6E99BB0E02E9B621D">>},
 {<<"cowlib">>, <<"DB8F7505D8332D98EF50A3EF34B34C1AFDDEC7506E4EE4DD4A3A266285D282CA">>},
 {<<"exml">>, <<"D46272177F3B779D75058005C744997034823AB3A237F9B30B56A583B063FDE3">>},
 {<<"fast_pbkdf2">>, <<"72CDEE3C10C6B9B40E31194DE946A883CEEF6CF1F37D7FC9FD1A9D87502723F5">>},
 {<<"fast_scram">>, <<"FAD4DD185E0DEFA34B0E30654AB0CC4048E9324BCF65BB261E0A86BF3C604F9F">>},
 {<<"gun">>, <<"B4E4CBBF3026D21981C447E9E7CA856766046EFF693720BA43114D7F5DE36E87">>},
 {<<"meck">>, <<"24676CB6EE6951530093A93EDCD410CFE4CB59FE89444B875D35C9D3909A15D0">>},
 {<<"quickrand">>, <<"D2BD76676A446E6A058D678444B7FDA1387B813710D1AF6D6E29BB92186C8820">>},
 {<<"uuid">>, <<"B2078D2CC814F53AFA52D36C91E08962C7E7373585C623F4C0EA6DFB04B2AF94">>},
 {<<"worker_pool">>, <<"0347B805A8E5804B5676A9885FB3B9B6C1627099C449C3C67C0E8E6AF79E9AA6">>}]},
{pkg_hash_ext,[
 {<<"bbmustache">>, <<"688B33A4D5CC2D51F575ADF0B3683FC40A38314A2F150906EDCFC77F5B577B3B">>},
 {<<"cowlib">>, <<"E1E1284DC3FC030A64B1AD0D8382AE7E99DA46C3246B815318A4B848873800A4">>},
 {<<"exml">>, <<"86C154396A9B21EEB0EDB9636D0E2D493FE0F59EAAF40FCFE795210F31119D8F">>},
 {<<"fast_pbkdf2">>, <<"74159FD09FB8BF5E97D25137C6C83C28E2CF7E97D7C127D83310DFD0904BD732">>},
 {<<"fast_scram">>, <<"39CB1D4C91C99E637E000A3864D274D8A9CB43D86EEC2495FE9546798DBFA015">>},
 {<<"gun">>, <<"52FC7FC246BFC3B00E01AEA1C2854C70A366348574AB50C57DFE796D24A0101D">>},
 {<<"meck">>, <<"680A9BCFE52764350BEB9FB0335FB75FEE8E7329821416CEE0A19FEC35433882">>},
 {<<"quickrand">>, <<"B8ACBF89A224BC217C3070CA8BEBC6EB236DBE7F9767993B274084EA044D35F0">>},
 {<<"uuid">>, <<"4E4C5CA3461DC47C5E157ED42AA3981A053B7A186792AF972A27B14A9489324E">>},
 {<<"worker_pool">>, <<"59946FBCE1D331CDEB153EDD36A823DC1AAB4C2482662582B983C9C90EBC3461">>}]}
].
