{"1.1.0",
[{<<"base16">>,
  {git,"https://github.com/goj/base16.git",
       {ref,"ec420aa4ce0fb971f155274c606e00188a2ed37d"}},
  0},
 {<<"bbmustache">>,{pkg,<<"bbmustache">>,<<"1.6.1">>},0},
 {<<"cowlib">>,{pkg,<<"cowlib">>,<<"2.6.0">>},1},
 {<<"exml">>,
  {git,"https://github.com/esl/exml.git",
       {ref,"a307e83669ad0a8d96ea3f2be9da36417efb94fc"}},
  0},
 {<<"fusco">>,
  {git,"https://github.com/esl/fusco.git",
       {ref,"0a428471aefb3a38207c2141249181e6c018e565"}},
  0},
 {<<"gun">>,{pkg,<<"gun">>,<<"1.3.0">>},0},
 {<<"meck">>,{pkg,<<"meck">>,<<"0.8.12">>},0},
 {<<"mustache">>,
  {git,"https://github.com/mojombo/mustache.erl.git",
       {ref,"d0246fe143058b6404f66cf99fece3ff6e87b7ed"}},
  0},
 {<<"quickrand">>,{pkg,<<"quickrand">>,<<"1.7.5">>},1},
 {<<"uuid">>,{pkg,<<"uuid_erl">>,<<"1.7.5">>},0},
 {<<"worker_pool">>,{pkg,<<"worker_pool">>,<<"3.2.0">>},0}]}.
[
{pkg_hash,[
 {<<"bbmustache">>, <<"9FB63FA60BD53AFBF47F02E6D8BD6B2BEAFC068E02E20975254DC7461FD4F397">>},
 {<<"cowlib">>, <<"8AA629F81A0FC189F261DC98A42243FA842625FEEA3C7EC56C48F4CCDB55490F">>},
 {<<"gun">>, <<"18E5D269649C987AF95AEC309F68A27FFC3930531DD227A6EAA0884D6684286E">>},
 {<<"meck">>, <<"1F7B1A9F5D12C511848FEC26BBEFD09A21E1432EADB8982D9A8ACEB9891A3CF2">>},
 {<<"quickrand">>, <<"E3086A153EB13A057FC19192D05E2D4C6BB2BDBB55746A699BEAE9847AC17CA8">>},
 {<<"uuid">>, <<"3862FF9A21C42566DFD0376B97512FA202922897129E09A05E2AFA0D9CAFD97A">>},
 {<<"worker_pool">>, <<"54DD752BA4CA4B702124C45803AA958B36BCE77D683B87886606F1AADA3E124D">>}]}
].
